
Microsoft Visual Studio Solution File, Format Version 12.00
# Visual Studio 14
VisualStudioVersion = 14.0.24720.0
MinimumVisualStudioVersion = 10.0.40219.1
Project("{FAE04EC0-301F-11D3-BF4B-00C04F79EFBC}") = "ClassLibrary1", "ClassLibrary1\ClassLibrary1.csproj", "{774990CE-33C3-4187-9211-4A5171CC190E}"
EndProject
Project("{FAE04EC0-301F-11D3-BF4B-00C04F79EFBC}") = "RunExample", "RunExample\RunExample.csproj", "{A761CE25-E5D1-4805-A5AF-BF3CE5D23DD4}"
EndProject
Project("{FAE04EC0-301F-11D3-BF4B-00C04F79EFBC}") = "ExampleInheritance", "ExampleInheritance\ExampleInheritance.csproj", "{E1114F20-2F43-4FB2-A49B-3907658A19F1}"
EndProject
Global
	GlobalSection(SolutionConfigurationPlatforms) = preSolution
		Debug|Any CPU = Debug|Any CPU
		Release|Any CPU = Release|Any CPU
	EndGlobalSection
	GlobalSection(ProjectConfigurationPlatforms) = postSolution
		{774990CE-33C3-4187-9211-4A5171CC190E}.Debug|Any CPU.ActiveCfg = Debug|Any CPU
		{774990CE-33C3-4187-9211-4A5171CC190E}.Debug|Any CPU.Build.0 = Debug|Any CPU
		{774990CE-33C3-4187-9211-4A5171CC190E}.Release|Any CPU.ActiveCfg = Release|Any CPU
		{774990CE-33C3-4187-9211-4A5171CC190E}.Release|Any CPU.Build.0 = Release|Any CPU
		{A761CE25-E5D1-4805-A5AF-BF3CE5D23DD4}.Debug|Any CPU.ActiveCfg = Debug|Any CPU
		{A761CE25-E5D1-4805-A5AF-BF3CE5D23DD4}.Debug|Any CPU.Build.0 = Debug|Any CPU
		{A761CE25-E5D1-4805-A5AF-BF3CE5D23DD4}.Release|Any CPU.ActiveCfg = Release|Any CPU
		{A761CE25-E5D1-4805-A5AF-BF3CE5D23DD4}.Release|Any CPU.Build.0 = Release|Any CPU
		{E1114F20-2F43-4FB2-A49B-3907658A19F1}.Debug|Any CPU.ActiveCfg = Debug|Any CPU
		{E1114F20-2F43-4FB2-A49B-3907658A19F1}.Debug|Any CPU.Build.0 = Debug|Any CPU
		{E1114F20-2F43-4FB2-A49B-3907658A19F1}.Release|Any CPU.ActiveCfg = Release|Any CPU
		{E1114F20-2F43-4FB2-A49B-3907658A19F1}.Release|Any CPU.Build.0 = Release|Any CPU
	EndGlobalSection
	GlobalSection(SolutionProperties) = preSolution
		HideSolutionNode = FALSE
	EndGlobalSection
EndGlobal
